// !$*UTF8*$!
{
	archiveVersion = 1;
	classes = {
	};
	objectVersion = 56;
	objects = {

/* Begin PBXBuildFile section */
		0E54A3F22935DB8B008BC732 /* BestResultRow.swift in Sources */ = {isa = PBXBuildFile; fileRef = 0E54A3F12935DB8B008BC732 /* BestResultRow.swift */; };
		0E61ED4E292DFD9D00465BD6 /* ButtonView.swift in Sources */ = {isa = PBXBuildFile; fileRef = 0E61ED4D292DFD9C00465BD6 /* ButtonView.swift */; };
		0E6454AB293CB44C004BA096 /* SettingsViewModel.swift in Sources */ = {isa = PBXBuildFile; fileRef = 0E6454AA293CB44C004BA096 /* SettingsViewModel.swift */; };
		0E6454AD293CB7B4004BA096 /* StarterViewModel.swift in Sources */ = {isa = PBXBuildFile; fileRef = 0E6454AC293CB7B4004BA096 /* StarterViewModel.swift */; };
		0E6454B0293CBDE1004BA096 /* BestResultRowViewModel.swift in Sources */ = {isa = PBXBuildFile; fileRef = 0E6454AF293CBDE1004BA096 /* BestResultRowViewModel.swift */; };
		0E6454B3293CC1F2004BA096 /* ResultRowViewModel.swift in Sources */ = {isa = PBXBuildFile; fileRef = 0E6454B2293CC1F2004BA096 /* ResultRowViewModel.swift */; };
		0E77BAB7292D3B4800C4086D /* Stopwatch.swift in Sources */ = {isa = PBXBuildFile; fileRef = 0E77BAB6292D3B4800C4086D /* Stopwatch.swift */; };
		0E77BAB9292D3C1D00C4086D /* StopwatchView.swift in Sources */ = {isa = PBXBuildFile; fileRef = 0E77BAB8292D3C1D00C4086D /* StopwatchView.swift */; };
		0E89B39129364C1B0087B599 /* SavedView.swift in Sources */ = {isa = PBXBuildFile; fileRef = 0E89B39029364C1B0087B599 /* SavedView.swift */; };
		0E97ED16292E4C7A00EF4204 /* ResultsView.swift in Sources */ = {isa = PBXBuildFile; fileRef = 0E97ED15292E4C7A00EF4204 /* ResultsView.swift */; };
		0E97ED19292E4FA400EF4204 /* Result.swift in Sources */ = {isa = PBXBuildFile; fileRef = 0E97ED18292E4FA400EF4204 /* Result.swift */; };
		0E97ED1B292E4FC300EF4204 /* BackgroundView.swift in Sources */ = {isa = PBXBuildFile; fileRef = 0E97ED1A292E4FC300EF4204 /* BackgroundView.swift */; };
		0E97ED1D292E500A00EF4204 /* ResultRow.swift in Sources */ = {isa = PBXBuildFile; fileRef = 0E97ED1C292E500A00EF4204 /* ResultRow.swift */; };
		0E97ED1F292E515800EF4204 /* ResultsViewModel.swift in Sources */ = {isa = PBXBuildFile; fileRef = 0E97ED1E292E515800EF4204 /* ResultsViewModel.swift */; };
		0E9BFBFB293732DB00BC4592 /* Launch Screen.storyboard in Resources */ = {isa = PBXBuildFile; fileRef = 0E9BFBFA293732DB00BC4592 /* Launch Screen.storyboard */; };
		0EB444A6292663AA004A8272 /* CubeTimerApp.swift in Sources */ = {isa = PBXBuildFile; fileRef = 0EB444A5292663AA004A8272 /* CubeTimerApp.swift */; };
		0EB444A8292663AA004A8272 /* TimerView.swift in Sources */ = {isa = PBXBuildFile; fileRef = 0EB444A7292663AA004A8272 /* TimerView.swift */; };
		0EB444AA292663AC004A8272 /* Assets.xcassets in Resources */ = {isa = PBXBuildFile; fileRef = 0EB444A9292663AC004A8272 /* Assets.xcassets */; };
		0EB444AD292663AC004A8272 /* Preview Assets.xcassets in Resources */ = {isa = PBXBuildFile; fileRef = 0EB444AC292663AC004A8272 /* Preview Assets.xcassets */; };
		0EB444B729267A72004A8272 /* TimerViewModel.swift in Sources */ = {isa = PBXBuildFile; fileRef = 0EB444B629267A72004A8272 /* TimerViewModel.swift */; };
		0EBAFAFE293F3D3B00429AA5 /* RectangleeButtonStyle.swift in Sources */ = {isa = PBXBuildFile; fileRef = 0EBAFAFD293F3D3B00429AA5 /* RectangleeButtonStyle.swift */; };
		0EBAFB00293F3D6200429AA5 /* CircleButtonStyle.swift in Sources */ = {isa = PBXBuildFile; fileRef = 0EBAFAFF293F3D6200429AA5 /* CircleButtonStyle.swift */; };
		0EBAFB03293F3D9900429AA5 /* Color + Extension.swift in Sources */ = {isa = PBXBuildFile; fileRef = 0EBAFB02293F3D9900429AA5 /* Color + Extension.swift */; };
		0EBAFB05293F3DD800429AA5 /* LinearGradient + Extension.swift in Sources */ = {isa = PBXBuildFile; fileRef = 0EBAFB04293F3DD800429AA5 /* LinearGradient + Extension.swift */; };
		0EC45C8E293B7C6100EB363E /* SettingsView.swift in Sources */ = {isa = PBXBuildFile; fileRef = 0EC45C8D293B7C6100EB363E /* SettingsView.swift */; };
		0EC45C90293B843700EB363E /* LengView.swift in Sources */ = {isa = PBXBuildFile; fileRef = 0EC45C8F293B843700EB363E /* LengView.swift */; };
		0EC45C92293B84AB00EB363E /* HapticManager.swift in Sources */ = {isa = PBXBuildFile; fileRef = 0EC45C91293B84AB00EB363E /* HapticManager.swift */; };
		0EC45C94293B865900EB363E /* ScrambleManager.swift in Sources */ = {isa = PBXBuildFile; fileRef = 0EC45C93293B865900EB363E /* ScrambleManager.swift */; };
		0ED46DD3292FAD77001DD1CC /* StartButtonView.swift in Sources */ = {isa = PBXBuildFile; fileRef = 0ED46DD2292FAD77001DD1CC /* StartButtonView.swift */; };
		0ED46DD6292FAEF7001DD1CC /* UserDefaultsManager.swift in Sources */ = {isa = PBXBuildFile; fileRef = 0ED46DD5292FAEF7001DD1CC /* UserDefaultsManager.swift */; };
		0ED7709329379911001DA050 /* StarterView.swift in Sources */ = {isa = PBXBuildFile; fileRef = 0ED7709229379911001DA050 /* StarterView.swift */; };
/* End PBXBuildFile section */

/* Begin PBXCopyFilesBuildPhase section */
		0EC28F3D29309C2F00DC6786 /* Embed Foundation Extensions */ = {
			isa = PBXCopyFilesBuildPhase;
			buildActionMask = 2147483647;
			dstPath = "";
			dstSubfolderSpec = 13;
			files = (
			);
			name = "Embed Foundation Extensions";
			runOnlyForDeploymentPostprocessing = 0;
		};
/* End PBXCopyFilesBuildPhase section */

/* Begin PBXFileReference section */
		0E54A3F12935DB8B008BC732 /* BestResultRow.swift */ = {isa = PBXFileReference; lastKnownFileType = sourcecode.swift; path = BestResultRow.swift; sourceTree = "<group>"; };
		0E61ED4D292DFD9C00465BD6 /* ButtonView.swift */ = {isa = PBXFileReference; lastKnownFileType = sourcecode.swift; path = ButtonView.swift; sourceTree = "<group>"; };
		0E6454AA293CB44C004BA096 /* SettingsViewModel.swift */ = {isa = PBXFileReference; lastKnownFileType = sourcecode.swift; path = SettingsViewModel.swift; sourceTree = "<group>"; };
		0E6454AC293CB7B4004BA096 /* StarterViewModel.swift */ = {isa = PBXFileReference; lastKnownFileType = sourcecode.swift; path = StarterViewModel.swift; sourceTree = "<group>"; };
		0E6454AF293CBDE1004BA096 /* BestResultRowViewModel.swift */ = {isa = PBXFileReference; lastKnownFileType = sourcecode.swift; path = BestResultRowViewModel.swift; sourceTree = "<group>"; };
		0E6454B2293CC1F2004BA096 /* ResultRowViewModel.swift */ = {isa = PBXFileReference; lastKnownFileType = sourcecode.swift; path = ResultRowViewModel.swift; sourceTree = "<group>"; };
		0E6454B4293CD938004BA096 /* Info.plist */ = {isa = PBXFileReference; lastKnownFileType = text.plist.xml; path = Info.plist; sourceTree = "<group>"; };
		0E77BAB6292D3B4800C4086D /* Stopwatch.swift */ = {isa = PBXFileReference; lastKnownFileType = sourcecode.swift; path = Stopwatch.swift; sourceTree = "<group>"; };
		0E77BAB8292D3C1D00C4086D /* StopwatchView.swift */ = {isa = PBXFileReference; lastKnownFileType = sourcecode.swift; path = StopwatchView.swift; sourceTree = "<group>"; };
		0E89B39029364C1B0087B599 /* SavedView.swift */ = {isa = PBXFileReference; lastKnownFileType = sourcecode.swift; path = SavedView.swift; sourceTree = "<group>"; };
		0E97ED15292E4C7A00EF4204 /* ResultsView.swift */ = {isa = PBXFileReference; lastKnownFileType = sourcecode.swift; path = ResultsView.swift; sourceTree = "<group>"; };
		0E97ED18292E4FA400EF4204 /* Result.swift */ = {isa = PBXFileReference; lastKnownFileType = sourcecode.swift; path = Result.swift; sourceTree = "<group>"; };
		0E97ED1A292E4FC300EF4204 /* BackgroundView.swift */ = {isa = PBXFileReference; lastKnownFileType = sourcecode.swift; path = BackgroundView.swift; sourceTree = "<group>"; };
		0E97ED1C292E500A00EF4204 /* ResultRow.swift */ = {isa = PBXFileReference; lastKnownFileType = sourcecode.swift; path = ResultRow.swift; sourceTree = "<group>"; };
		0E97ED1E292E515800EF4204 /* ResultsViewModel.swift */ = {isa = PBXFileReference; lastKnownFileType = sourcecode.swift; path = ResultsViewModel.swift; sourceTree = "<group>"; };
		0E9BFBFA293732DB00BC4592 /* Launch Screen.storyboard */ = {isa = PBXFileReference; lastKnownFileType = file.storyboard; path = "Launch Screen.storyboard"; sourceTree = "<group>"; };
		0EB444A2292663AA004A8272 /* CubeTimer.app */ = {isa = PBXFileReference; explicitFileType = wrapper.application; includeInIndex = 0; path = CubeTimer.app; sourceTree = BUILT_PRODUCTS_DIR; };
		0EB444A5292663AA004A8272 /* CubeTimerApp.swift */ = {isa = PBXFileReference; lastKnownFileType = sourcecode.swift; path = CubeTimerApp.swift; sourceTree = "<group>"; };
		0EB444A7292663AA004A8272 /* TimerView.swift */ = {isa = PBXFileReference; lastKnownFileType = sourcecode.swift; path = TimerView.swift; sourceTree = "<group>"; };
		0EB444A9292663AC004A8272 /* Assets.xcassets */ = {isa = PBXFileReference; lastKnownFileType = folder.assetcatalog; path = Assets.xcassets; sourceTree = "<group>"; };
		0EB444AC292663AC004A8272 /* Preview Assets.xcassets */ = {isa = PBXFileReference; lastKnownFileType = folder.assetcatalog; path = "Preview Assets.xcassets"; sourceTree = "<group>"; };
		0EB444B629267A72004A8272 /* TimerViewModel.swift */ = {isa = PBXFileReference; lastKnownFileType = sourcecode.swift; path = TimerViewModel.swift; sourceTree = "<group>"; };
		0EBAFAFD293F3D3B00429AA5 /* RectangleeButtonStyle.swift */ = {isa = PBXFileReference; lastKnownFileType = sourcecode.swift; path = RectangleeButtonStyle.swift; sourceTree = "<group>"; };
		0EBAFAFF293F3D6200429AA5 /* CircleButtonStyle.swift */ = {isa = PBXFileReference; lastKnownFileType = sourcecode.swift; path = CircleButtonStyle.swift; sourceTree = "<group>"; };
		0EBAFB02293F3D9900429AA5 /* Color + Extension.swift */ = {isa = PBXFileReference; lastKnownFileType = sourcecode.swift; path = "Color + Extension.swift"; sourceTree = "<group>"; };
		0EBAFB04293F3DD800429AA5 /* LinearGradient + Extension.swift */ = {isa = PBXFileReference; lastKnownFileType = sourcecode.swift; path = "LinearGradient + Extension.swift"; sourceTree = "<group>"; };
		0EC45C8D293B7C6100EB363E /* SettingsView.swift */ = {isa = PBXFileReference; lastKnownFileType = sourcecode.swift; path = SettingsView.swift; sourceTree = "<group>"; };
		0EC45C8F293B843700EB363E /* LengView.swift */ = {isa = PBXFileReference; lastKnownFileType = sourcecode.swift; path = LengView.swift; sourceTree = "<group>"; };
		0EC45C91293B84AB00EB363E /* HapticManager.swift */ = {isa = PBXFileReference; lastKnownFileType = sourcecode.swift; path = HapticManager.swift; sourceTree = "<group>"; };
		0EC45C93293B865900EB363E /* ScrambleManager.swift */ = {isa = PBXFileReference; lastKnownFileType = sourcecode.swift; path = ScrambleManager.swift; sourceTree = "<group>"; };
		0ED46DD2292FAD77001DD1CC /* StartButtonView.swift */ = {isa = PBXFileReference; lastKnownFileType = sourcecode.swift; path = StartButtonView.swift; sourceTree = "<group>"; };
		0ED46DD5292FAEF7001DD1CC /* UserDefaultsManager.swift */ = {isa = PBXFileReference; lastKnownFileType = sourcecode.swift; path = UserDefaultsManager.swift; sourceTree = "<group>"; };
		0ED7709229379911001DA050 /* StarterView.swift */ = {isa = PBXFileReference; lastKnownFileType = sourcecode.swift; path = StarterView.swift; sourceTree = "<group>"; };
/* End PBXFileReference section */

/* Begin PBXFrameworksBuildPhase section */
		0EB4449F292663AA004A8272 /* Frameworks */ = {
			isa = PBXFrameworksBuildPhase;
			buildActionMask = 2147483647;
			files = (
			);
			runOnlyForDeploymentPostprocessing = 0;
		};
/* End PBXFrameworksBuildPhase section */

/* Begin PBXGroup section */
		0E6454AE293CBDC7004BA096 /* BestResultRow */ = {
			isa = PBXGroup;
			children = (
				0E54A3F12935DB8B008BC732 /* BestResultRow.swift */,
				0E6454AF293CBDE1004BA096 /* BestResultRowViewModel.swift */,
			);
			path = BestResultRow;
			sourceTree = "<group>";
		};
		0E6454B1293CC1DB004BA096 /* ResultRow */ = {
			isa = PBXGroup;
			children = (
				0E97ED1C292E500A00EF4204 /* ResultRow.swift */,
				0E6454B2293CC1F2004BA096 /* ResultRowViewModel.swift */,
			);
			path = ResultRow;
			sourceTree = "<group>";
		};
		0E77BAB5292D3B3200C4086D /* Models */ = {
			isa = PBXGroup;
			children = (
				0E77BAB6292D3B4800C4086D /* Stopwatch.swift */,
				0E97ED18292E4FA400EF4204 /* Result.swift */,
			);
			path = Models;
			sourceTree = "<group>";
		};
		0E77BABA292D3C2600C4086D /* Views */ = {
			isa = PBXGroup;
			children = (
				0EE68C8129387FF4006A0C24 /* Rows */,
				0EE68C8229388003006A0C24 /* Buttons */,
				0E89B39029364C1B0087B599 /* SavedView.swift */,
				0EC45C8F293B843700EB363E /* LengView.swift */,
				0E77BAB8292D3C1D00C4086D /* StopwatchView.swift */,
				0E97ED1A292E4FC300EF4204 /* BackgroundView.swift */,
			);
			path = Views;
			sourceTree = "<group>";
		};
		0E97ED17292E4F6300EF4204 /* Results */ = {
			isa = PBXGroup;
			children = (
				0E97ED15292E4C7A00EF4204 /* ResultsView.swift */,
				0E97ED1E292E515800EF4204 /* ResultsViewModel.swift */,
			);
			path = Results;
			sourceTree = "<group>";
		};
		0EB44499292663AA004A8272 = {
			isa = PBXGroup;
			children = (
				0EB444A4292663AA004A8272 /* CubeTimer */,
				0EB444A3292663AA004A8272 /* Products */,
			);
			sourceTree = "<group>";
		};
		0EB444A3292663AA004A8272 /* Products */ = {
			isa = PBXGroup;
			children = (
				0EB444A2292663AA004A8272 /* CubeTimer.app */,
			);
			name = Products;
			sourceTree = "<group>";
		};
		0EB444A4292663AA004A8272 /* CubeTimer */ = {
			isa = PBXGroup;
			children = (
				0E6454B4293CD938004BA096 /* Info.plist */,
				0EBAFB01293F3D8600429AA5 /* Extensions */,
				0EBAFAFC293F3D2100429AA5 /* ButtonsStyles */,
				0ED46DD4292FAEE5001DD1CC /* Managers */,
				0EB444B529267A5C004A8272 /* More */,
				0E77BAB5292D3B3200C4086D /* Models */,
				0E77BABA292D3C2600C4086D /* Views */,
				0EB444B329267A4F004A8272 /* Screens */,
			);
			path = CubeTimer;
			sourceTree = "<group>";
		};
		0EB444AB292663AC004A8272 /* Preview Content */ = {
			isa = PBXGroup;
			children = (
				0EB444AC292663AC004A8272 /* Preview Assets.xcassets */,
			);
			path = "Preview Content";
			sourceTree = "<group>";
		};
		0EB444B329267A4F004A8272 /* Screens */ = {
			isa = PBXGroup;
			children = (
				0ED77091293798FD001DA050 /* Starter */,
				0EB444B429267A57004A8272 /* Timer */,
				0EC45C8C293B7C4900EB363E /* Settings */,
				0E97ED17292E4F6300EF4204 /* Results */,
			);
			path = Screens;
			sourceTree = "<group>";
		};
		0EB444B429267A57004A8272 /* Timer */ = {
			isa = PBXGroup;
			children = (
				0EB444A7292663AA004A8272 /* TimerView.swift */,
				0EB444B629267A72004A8272 /* TimerViewModel.swift */,
			);
			path = Timer;
			sourceTree = "<group>";
		};
		0EB444B529267A5C004A8272 /* More */ = {
			isa = PBXGroup;
			children = (
				0EB444AB292663AC004A8272 /* Preview Content */,
				0EB444A5292663AA004A8272 /* CubeTimerApp.swift */,
				0EB444A9292663AC004A8272 /* Assets.xcassets */,
				0E9BFBFA293732DB00BC4592 /* Launch Screen.storyboard */,
			);
			path = More;
			sourceTree = "<group>";
		};
		0EBAFAFC293F3D2100429AA5 /* ButtonsStyles */ = {
			isa = PBXGroup;
			children = (
				0EBAFAFD293F3D3B00429AA5 /* RectangleeButtonStyle.swift */,
				0EBAFAFF293F3D6200429AA5 /* CircleButtonStyle.swift */,
			);
			path = ButtonsStyles;
			sourceTree = "<group>";
		};
		0EBAFB01293F3D8600429AA5 /* Extensions */ = {
			isa = PBXGroup;
			children = (
				0EBAFB02293F3D9900429AA5 /* Color + Extension.swift */,
				0EBAFB04293F3DD800429AA5 /* LinearGradient + Extension.swift */,
			);
			path = Extensions;
			sourceTree = "<group>";
		};
		0EC45C8C293B7C4900EB363E /* Settings */ = {
			isa = PBXGroup;
			children = (
				0EC45C8D293B7C6100EB363E /* SettingsView.swift */,
				0E6454AA293CB44C004BA096 /* SettingsViewModel.swift */,
			);
			path = Settings;
			sourceTree = "<group>";
		};
		0ED46DD4292FAEE5001DD1CC /* Managers */ = {
			isa = PBXGroup;
			children = (
				0EC45C93293B865900EB363E /* ScrambleManager.swift */,
				0EC45C91293B84AB00EB363E /* HapticManager.swift */,
				0ED46DD5292FAEF7001DD1CC /* UserDefaultsManager.swift */,
			);
			path = Managers;
			sourceTree = "<group>";
		};
		0ED77091293798FD001DA050 /* Starter */ = {
			isa = PBXGroup;
			children = (
				0ED7709229379911001DA050 /* StarterView.swift */,
				0E6454AC293CB7B4004BA096 /* StarterViewModel.swift */,
			);
			path = Starter;
			sourceTree = "<group>";
		};
		0EE68C8129387FF4006A0C24 /* Rows */ = {
			isa = PBXGroup;
			children = (
				0E6454B1293CC1DB004BA096 /* ResultRow */,
				0E6454AE293CBDC7004BA096 /* BestResultRow */,
			);
			path = Rows;
			sourceTree = "<group>";
		};
		0EE68C8229388003006A0C24 /* Buttons */ = {
			isa = PBXGroup;
			children = (
				0E61ED4D292DFD9C00465BD6 /* ButtonView.swift */,
				0ED46DD2292FAD77001DD1CC /* StartButtonView.swift */,
			);
			path = Buttons;
			sourceTree = "<group>";
		};
/* End PBXGroup section */

/* Begin PBXNativeTarget section */
		0EB444A1292663AA004A8272 /* CubeTimer */ = {
			isa = PBXNativeTarget;
			buildConfigurationList = 0EB444B0292663AC004A8272 /* Build configuration list for PBXNativeTarget "CubeTimer" */;
			buildPhases = (
				0EB4449E292663AA004A8272 /* Sources */,
				0EB4449F292663AA004A8272 /* Frameworks */,
				0EB444A0292663AA004A8272 /* Resources */,
				0EC28F3D29309C2F00DC6786 /* Embed Foundation Extensions */,
			);
			buildRules = (
			);
			dependencies = (
			);
			name = CubeTimer;
			productName = CubeTimer;
			productReference = 0EB444A2292663AA004A8272 /* CubeTimer.app */;
			productType = "com.apple.product-type.application";
		};
/* End PBXNativeTarget section */

/* Begin PBXProject section */
		0EB4449A292663AA004A8272 /* Project object */ = {
			isa = PBXProject;
			attributes = {
				BuildIndependentTargetsInParallel = 1;
				LastSwiftUpdateCheck = 1410;
				LastUpgradeCheck = 1400;
				TargetAttributes = {
					0EB444A1292663AA004A8272 = {
						CreatedOnToolsVersion = 14.0;
					};
				};
			};
			buildConfigurationList = 0EB4449D292663AA004A8272 /* Build configuration list for PBXProject "CubeTimer" */;
			compatibilityVersion = "Xcode 14.0";
			developmentRegion = en;
			hasScannedForEncodings = 0;
			knownRegions = (
				en,
				Base,
			);
			mainGroup = 0EB44499292663AA004A8272;
			productRefGroup = 0EB444A3292663AA004A8272 /* Products */;
			projectDirPath = "";
			projectRoot = "";
			targets = (
				0EB444A1292663AA004A8272 /* CubeTimer */,
			);
		};
/* End PBXProject section */

/* Begin PBXResourcesBuildPhase section */
		0EB444A0292663AA004A8272 /* Resources */ = {
			isa = PBXResourcesBuildPhase;
			buildActionMask = 2147483647;
			files = (
				0E9BFBFB293732DB00BC4592 /* Launch Screen.storyboard in Resources */,
				0EB444AD292663AC004A8272 /* Preview Assets.xcassets in Resources */,
				0EB444AA292663AC004A8272 /* Assets.xcassets in Resources */,
			);
			runOnlyForDeploymentPostprocessing = 0;
		};
/* End PBXResourcesBuildPhase section */

/* Begin PBXSourcesBuildPhase section */
		0EB4449E292663AA004A8272 /* Sources */ = {
			isa = PBXSourcesBuildPhase;
			buildActionMask = 2147483647;
			files = (
				0E6454B0293CBDE1004BA096 /* BestResultRowViewModel.swift in Sources */,
				0E97ED1B292E4FC300EF4204 /* BackgroundView.swift in Sources */,
				0EB444A8292663AA004A8272 /* TimerView.swift in Sources */,
				0EBAFAFE293F3D3B00429AA5 /* RectangleeButtonStyle.swift in Sources */,
				0EB444B729267A72004A8272 /* TimerViewModel.swift in Sources */,
				0E6454B3293CC1F2004BA096 /* ResultRowViewModel.swift in Sources */,
				0EC45C90293B843700EB363E /* LengView.swift in Sources */,
				0EB444A6292663AA004A8272 /* CubeTimerApp.swift in Sources */,
				0EBAFB05293F3DD800429AA5 /* LinearGradient + Extension.swift in Sources */,
				0E97ED16292E4C7A00EF4204 /* ResultsView.swift in Sources */,
				0EC45C92293B84AB00EB363E /* HapticManager.swift in Sources */,
				0EC45C8E293B7C6100EB363E /* SettingsView.swift in Sources */,
				0E97ED1D292E500A00EF4204 /* ResultRow.swift in Sources */,
				0E61ED4E292DFD9D00465BD6 /* ButtonView.swift in Sources */,
				0EC45C94293B865900EB363E /* ScrambleManager.swift in Sources */,
				0EBAFB03293F3D9900429AA5 /* Color + Extension.swift in Sources */,
				0E77BAB9292D3C1D00C4086D /* StopwatchView.swift in Sources */,
				0E97ED19292E4FA400EF4204 /* Result.swift in Sources */,
				0ED46DD3292FAD77001DD1CC /* StartButtonView.swift in Sources */,
				0EBAFB00293F3D6200429AA5 /* CircleButtonStyle.swift in Sources */,
				0E97ED1F292E515800EF4204 /* ResultsViewModel.swift in Sources */,
				0E89B39129364C1B0087B599 /* SavedView.swift in Sources */,
				0ED7709329379911001DA050 /* StarterView.swift in Sources */,
				0E77BAB7292D3B4800C4086D /* Stopwatch.swift in Sources */,
				0E6454AB293CB44C004BA096 /* SettingsViewModel.swift in Sources */,
				0ED46DD6292FAEF7001DD1CC /* UserDefaultsManager.swift in Sources */,
				0E54A3F22935DB8B008BC732 /* BestResultRow.swift in Sources */,
				0E6454AD293CB7B4004BA096 /* StarterViewModel.swift in Sources */,
			);
			runOnlyForDeploymentPostprocessing = 0;
		};
/* End PBXSourcesBuildPhase section */

/* Begin XCBuildConfiguration section */
		0EB444AE292663AC004A8272 /* Debug */ = {
			isa = XCBuildConfiguration;
			buildSettings = {
				ALWAYS_SEARCH_USER_PATHS = NO;
				CLANG_ANALYZER_NONNULL = YES;
				CLANG_ANALYZER_NUMBER_OBJECT_CONVERSION = YES_AGGRESSIVE;
				CLANG_CXX_LANGUAGE_STANDARD = "gnu++20";
				CLANG_ENABLE_MODULES = YES;
				CLANG_ENABLE_OBJC_ARC = YES;
				CLANG_ENABLE_OBJC_WEAK = YES;
				CLANG_WARN_BLOCK_CAPTURE_AUTORELEASING = YES;
				CLANG_WARN_BOOL_CONVERSION = YES;
				CLANG_WARN_COMMA = YES;
				CLANG_WARN_CONSTANT_CONVERSION = YES;
				CLANG_WARN_DEPRECATED_OBJC_IMPLEMENTATIONS = YES;
				CLANG_WARN_DIRECT_OBJC_ISA_USAGE = YES_ERROR;
				CLANG_WARN_DOCUMENTATION_COMMENTS = YES;
				CLANG_WARN_EMPTY_BODY = YES;
				CLANG_WARN_ENUM_CONVERSION = YES;
				CLANG_WARN_INFINITE_RECURSION = YES;
				CLANG_WARN_INT_CONVERSION = YES;
				CLANG_WARN_NON_LITERAL_NULL_CONVERSION = YES;
				CLANG_WARN_OBJC_IMPLICIT_RETAIN_SELF = YES;
				CLANG_WARN_OBJC_LITERAL_CONVERSION = YES;
				CLANG_WARN_OBJC_ROOT_CLASS = YES_ERROR;
				CLANG_WARN_QUOTED_INCLUDE_IN_FRAMEWORK_HEADER = YES;
				CLANG_WARN_RANGE_LOOP_ANALYSIS = YES;
				CLANG_WARN_STRICT_PROTOTYPES = YES;
				CLANG_WARN_SUSPICIOUS_MOVE = YES;
				CLANG_WARN_UNGUARDED_AVAILABILITY = YES_AGGRESSIVE;
				CLANG_WARN_UNREACHABLE_CODE = YES;
				CLANG_WARN__DUPLICATE_METHOD_MATCH = YES;
				COPY_PHASE_STRIP = NO;
				DEBUG_INFORMATION_FORMAT = dwarf;
				ENABLE_STRICT_OBJC_MSGSEND = YES;
				ENABLE_TESTABILITY = YES;
				GCC_C_LANGUAGE_STANDARD = gnu11;
				GCC_DYNAMIC_NO_PIC = NO;
				GCC_NO_COMMON_BLOCKS = YES;
				GCC_OPTIMIZATION_LEVEL = 0;
				GCC_PREPROCESSOR_DEFINITIONS = (
					"DEBUG=1",
					"$(inherited)",
				);
				GCC_WARN_64_TO_32_BIT_CONVERSION = YES;
				GCC_WARN_ABOUT_RETURN_TYPE = YES_ERROR;
				GCC_WARN_UNDECLARED_SELECTOR = YES;
				GCC_WARN_UNINITIALIZED_AUTOS = YES_AGGRESSIVE;
				GCC_WARN_UNUSED_FUNCTION = YES;
				GCC_WARN_UNUSED_VARIABLE = YES;
				IPHONEOS_DEPLOYMENT_TARGET = 16.0;
				MTL_ENABLE_DEBUG_INFO = INCLUDE_SOURCE;
				MTL_FAST_MATH = YES;
				ONLY_ACTIVE_ARCH = YES;
				SDKROOT = iphoneos;
				SWIFT_ACTIVE_COMPILATION_CONDITIONS = DEBUG;
				SWIFT_OPTIMIZATION_LEVEL = "-Onone";
			};
			name = Debug;
		};
		0EB444AF292663AC004A8272 /* Release */ = {
			isa = XCBuildConfiguration;
			buildSettings = {
				ALWAYS_SEARCH_USER_PATHS = NO;
				CLANG_ANALYZER_NONNULL = YES;
				CLANG_ANALYZER_NUMBER_OBJECT_CONVERSION = YES_AGGRESSIVE;
				CLANG_CXX_LANGUAGE_STANDARD = "gnu++20";
				CLANG_ENABLE_MODULES = YES;
				CLANG_ENABLE_OBJC_ARC = YES;
				CLANG_ENABLE_OBJC_WEAK = YES;
				CLANG_WARN_BLOCK_CAPTURE_AUTORELEASING = YES;
				CLANG_WARN_BOOL_CONVERSION = YES;
				CLANG_WARN_COMMA = YES;
				CLANG_WARN_CONSTANT_CONVERSION = YES;
				CLANG_WARN_DEPRECATED_OBJC_IMPLEMENTATIONS = YES;
				CLANG_WARN_DIRECT_OBJC_ISA_USAGE = YES_ERROR;
				CLANG_WARN_DOCUMENTATION_COMMENTS = YES;
				CLANG_WARN_EMPTY_BODY = YES;
				CLANG_WARN_ENUM_CONVERSION = YES;
				CLANG_WARN_INFINITE_RECURSION = YES;
				CLANG_WARN_INT_CONVERSION = YES;
				CLANG_WARN_NON_LITERAL_NULL_CONVERSION = YES;
				CLANG_WARN_OBJC_IMPLICIT_RETAIN_SELF = YES;
				CLANG_WARN_OBJC_LITERAL_CONVERSION = YES;
				CLANG_WARN_OBJC_ROOT_CLASS = YES_ERROR;
				CLANG_WARN_QUOTED_INCLUDE_IN_FRAMEWORK_HEADER = YES;
				CLANG_WARN_RANGE_LOOP_ANALYSIS = YES;
				CLANG_WARN_STRICT_PROTOTYPES = YES;
				CLANG_WARN_SUSPICIOUS_MOVE = YES;
				CLANG_WARN_UNGUARDED_AVAILABILITY = YES_AGGRESSIVE;
				CLANG_WARN_UNREACHABLE_CODE = YES;
				CLANG_WARN__DUPLICATE_METHOD_MATCH = YES;
				COPY_PHASE_STRIP = NO;
				DEBUG_INFORMATION_FORMAT = "dwarf-with-dsym";
				ENABLE_NS_ASSERTIONS = NO;
				ENABLE_STRICT_OBJC_MSGSEND = YES;
				GCC_C_LANGUAGE_STANDARD = gnu11;
				GCC_NO_COMMON_BLOCKS = YES;
				GCC_WARN_64_TO_32_BIT_CONVERSION = YES;
				GCC_WARN_ABOUT_RETURN_TYPE = YES_ERROR;
				GCC_WARN_UNDECLARED_SELECTOR = YES;
				GCC_WARN_UNINITIALIZED_AUTOS = YES_AGGRESSIVE;
				GCC_WARN_UNUSED_FUNCTION = YES;
				GCC_WARN_UNUSED_VARIABLE = YES;
				IPHONEOS_DEPLOYMENT_TARGET = 16.0;
				MTL_ENABLE_DEBUG_INFO = NO;
				MTL_FAST_MATH = YES;
				SDKROOT = iphoneos;
				SWIFT_COMPILATION_MODE = wholemodule;
				SWIFT_OPTIMIZATION_LEVEL = "-O";
				VALIDATE_PRODUCT = YES;
			};
			name = Release;
		};
		0EB444B1292663AC004A8272 /* Debug */ = {
			isa = XCBuildConfiguration;
			buildSettings = {
				ASSETCATALOG_COMPILER_APPICON_NAME = AppIcon;
				ASSETCATALOG_COMPILER_GLOBAL_ACCENT_COLOR_NAME = AccentColor;
				CODE_SIGN_STYLE = Automatic;
				CURRENT_PROJECT_VERSION = 1;
				DEVELOPMENT_ASSET_PATHS = "\"CubeTimer/More/Preview Content\"";
				DEVELOPMENT_TEAM = 86SKTK882J;
				ENABLE_PREVIEWS = YES;
				GENERATE_INFOPLIST_FILE = YES;
				INFOPLIST_FILE = CubeTimer/Info.plist;
				INFOPLIST_KEY_UIApplicationSceneManifest_Generation = YES;
				INFOPLIST_KEY_UIApplicationSupportsIndirectInputEvents = YES;
				INFOPLIST_KEY_UILaunchScreen_Generation = YES;
				INFOPLIST_KEY_UILaunchStoryboardName = "Launch Screen.storyboard";
				INFOPLIST_KEY_UISupportedInterfaceOrientations_iPad = "UIInterfaceOrientationPortrait UIInterfaceOrientationPortraitUpsideDown UIInterfaceOrientationLandscapeLeft UIInterfaceOrientationLandscapeRight";
				INFOPLIST_KEY_UISupportedInterfaceOrientations_iPhone = "UIInterfaceOrientationPortrait UIInterfaceOrientationLandscapeLeft UIInterfaceOrientationLandscapeRight";
				IPHONEOS_DEPLOYMENT_TARGET = 15.0;
				LD_RUNPATH_SEARCH_PATHS = (
					"$(inherited)",
					"@executable_path/Frameworks",
				);
				MARKETING_VERSION = 1.0;
				PRODUCT_BUNDLE_IDENTIFIER = "ugritchina-icloud.com.CubeTimer";
				PRODUCT_NAME = "$(TARGET_NAME)";
				SUPPORTED_PLATFORMS = "iphoneos iphonesimulator";
				SUPPORTS_MACCATALYST = NO;
				SUPPORTS_MAC_DESIGNED_FOR_IPHONE_IPAD = NO;
				SWIFT_EMIT_LOC_STRINGS = YES;
				SWIFT_VERSION = 5.0;
				TARGETED_DEVICE_FAMILY = "1,2";
			};
			name = Debug;
		};
		0EB444B2292663AC004A8272 /* Release */ = {
			isa = XCBuildConfiguration;
			buildSettings = {
				ASSETCATALOG_COMPILER_APPICON_NAME = AppIcon;
				ASSETCATALOG_COMPILER_GLOBAL_ACCENT_COLOR_NAME = AccentColor;
				CODE_SIGN_STYLE = Automatic;
				CURRENT_PROJECT_VERSION = 1;
				DEVELOPMENT_ASSET_PATHS = "\"CubeTimer/More/Preview Content\"";
				DEVELOPMENT_TEAM = 86SKTK882J;
				ENABLE_PREVIEWS = YES;
				GENERATE_INFOPLIST_FILE = YES;
				INFOPLIST_FILE = CubeTimer/Info.plist;
				INFOPLIST_KEY_UIApplicationSceneManifest_Generation = YES;
				INFOPLIST_KEY_UIApplicationSupportsIndirectInputEvents = YES;
				INFOPLIST_KEY_UILaunchScreen_Generation = YES;
				INFOPLIST_KEY_UILaunchStoryboardName = "Launch Screen.storyboard";
				INFOPLIST_KEY_UISupportedInterfaceOrientations_iPad = "UIInterfaceOrientationPortrait UIInterfaceOrientationPortraitUpsideDown UIInterfaceOrientationLandscapeLeft UIInterfaceOrientationLandscapeRight";
				INFOPLIST_KEY_UISupportedInterfaceOrientations_iPhone = "UIInterfaceOrientationPortrait UIInterfaceOrientationLandscapeLeft UIInterfaceOrientationLandscapeRight";
				IPHONEOS_DEPLOYMENT_TARGET = 15.0;
				LD_RUNPATH_SEARCH_PATHS = (
					"$(inherited)",
					"@executable_path/Frameworks",
				);
				MARKETING_VERSION = 1.0;
				PRODUCT_BUNDLE_IDENTIFIER = "ugritchina-icloud.com.CubeTimer";
				PRODUCT_NAME = "$(TARGET_NAME)";
				SUPPORTED_PLATFORMS = "iphoneos iphonesimulator";
				SUPPORTS_MACCATALYST = NO;
				SUPPORTS_MAC_DESIGNED_FOR_IPHONE_IPAD = NO;
				SWIFT_EMIT_LOC_STRINGS = YES;
				SWIFT_VERSION = 5.0;
				TARGETED_DEVICE_FAMILY = "1,2";
			};
			name = Release;
		};
/* End XCBuildConfiguration section */

/* Begin XCConfigurationList section */
		0EB4449D292663AA004A8272 /* Build configuration list for PBXProject "CubeTimer" */ = {
			isa = XCConfigurationList;
			buildConfigurations = (
				0EB444AE292663AC004A8272 /* Debug */,
				0EB444AF292663AC004A8272 /* Release */,
			);
			defaultConfigurationIsVisible = 0;
			defaultConfigurationName = Release;
		};
		0EB444B0292663AC004A8272 /* Build configuration list for PBXNativeTarget "CubeTimer" */ = {
			isa = XCConfigurationList;
			buildConfigurations = (
				0EB444B1292663AC004A8272 /* Debug */,
				0EB444B2292663AC004A8272 /* Release */,
			);
			defaultConfigurationIsVisible = 0;
			defaultConfigurationName = Release;
		};
/* End XCConfigurationList section */
	};
	rootObject = 0EB4449A292663AA004A8272 /* Project object */;
}
